
Microsoft Visual Studio Solution File, Format Version 12.00
# Visual Studio Version 16
VisualStudioVersion = 16.0.31729.503
MinimumVisualStudioVersion = 10.0.40219.1
Project("{FAE04EC0-301F-11D3-BF4B-00C04F79EFBC}") = "Set probleme doamna balog", "Set probleme doamna balog\Set probleme doamna balog.csproj", "{725D1A9E-40D9-4EA1-8AF7-CD4B33DE399A}"
EndProject
Global
	GlobalSection(SolutionConfigurationPlatforms) = preSolution
		Debug|Any CPU = Debug|Any CPU
		Release|Any CPU = Release|Any CPU
	EndGlobalSection
	GlobalSection(ProjectConfigurationPlatforms) = postSolution
		{725D1A9E-40D9-4EA1-8AF7-CD4B33DE399A}.Debug|Any CPU.ActiveCfg = Debug|Any CPU
		{725D1A9E-40D9-4EA1-8AF7-CD4B33DE399A}.Debug|Any CPU.Build.0 = Debug|Any CPU
		{725D1A9E-40D9-4EA1-8AF7-CD4B33DE399A}.Release|Any CPU.ActiveCfg = Release|Any CPU
		{725D1A9E-40D9-4EA1-8AF7-CD4B33DE399A}.Release|Any CPU.Build.0 = Release|Any CPU
	EndGlobalSection
	GlobalSection(SolutionProperties) = preSolution
		HideSolutionNode = FALSE
	EndGlobalSection
	GlobalSection(ExtensibilityGlobals) = postSolution
		SolutionGuid = {FC57ACCB-B154-40B6-A468-3E59E4471538}
	EndGlobalSection
EndGlobal
